{
    "version": 3,
    "terraform_version": "0.11.13",
    "serial": 3,
    "lineage": "30f7526d-d2cf-887b-2fec-b155e742f460",
    "modules": [
        {
            "path": [
                "root"
            ],
            "outputs": {},
            "resources": {
                "aws_codepipeline.codepipeline": {
                    "type": "aws_codepipeline",
                    "depends_on": [
                        "aws_iam_role.codepipeline_role",
                        "aws_kms_alias.s3kmskey",
                        "aws_s3_bucket.codepipeline_bucket"
                    ],
                    "primary": {
                        "id": "tf-test-pipeline",
                        "attributes": {
                            "arn": "arn:aws:codepipeline:us-east-2:591328757508:tf-test-pipeline",
                            "artifact_store.#": "1",
                            "artifact_store.0.encryption_key.#": "1",
                            "artifact_store.0.encryption_key.0.id": "arn:aws:kms:us-east-2:591328757508:alias/my-kms-key",
                            "artifact_store.0.encryption_key.0.type": "KMS",
                            "artifact_store.0.location": "todds-lambda-test-codepipeline",
                            "artifact_store.0.type": "S3",
                            "id": "tf-test-pipeline",
                            "name": "tf-test-pipeline",
                            "role_arn": "arn:aws:iam::591328757508:role/codepipeline-role",
                            "stage.#": "3",
                            "stage.0.action.#": "1",
                            "stage.0.action.0.category": "Source",
                            "stage.0.action.0.configuration.%": "3",
                            "stage.0.action.0.configuration.Branch": "master",
                            "stage.0.action.0.configuration.Owner": "toddnestor",
                            "stage.0.action.0.configuration.Repo": "lambda-experiment",
                            "stage.0.action.0.input_artifacts.#": "0",
                            "stage.0.action.0.name": "Source",
                            "stage.0.action.0.output_artifacts.#": "1",
                            "stage.0.action.0.output_artifacts.0": "source_output",
                            "stage.0.action.0.owner": "ThirdParty",
                            "stage.0.action.0.provider": "GitHub",
                            "stage.0.action.0.role_arn": "",
                            "stage.0.action.0.run_order": "1",
                            "stage.0.action.0.version": "1",
                            "stage.0.name": "Source",
                            "stage.1.action.#": "1",
                            "stage.1.action.0.category": "Build",
                            "stage.1.action.0.configuration.%": "1",
                            "stage.1.action.0.configuration.ProjectName": "test",
                            "stage.1.action.0.input_artifacts.#": "1",
                            "stage.1.action.0.input_artifacts.0": "source_output",
                            "stage.1.action.0.name": "Build",
                            "stage.1.action.0.output_artifacts.#": "1",
                            "stage.1.action.0.output_artifacts.0": "build_output",
                            "stage.1.action.0.owner": "AWS",
                            "stage.1.action.0.provider": "CodeBuild",
                            "stage.1.action.0.role_arn": "",
                            "stage.1.action.0.run_order": "1",
                            "stage.1.action.0.version": "1",
                            "stage.1.name": "Build",
                            "stage.2.action.#": "1",
                            "stage.2.action.0.category": "Deploy",
                            "stage.2.action.0.configuration.%": "5",
                            "stage.2.action.0.configuration.ActionMode": "REPLACE_ON_FAILURE",
                            "stage.2.action.0.configuration.Capabilities": "CAPABILITY_AUTO_EXPAND,CAPABILITY_IAM",
                            "stage.2.action.0.configuration.OutputFileName": "CreateStackOutput.json",
                            "stage.2.action.0.configuration.StackName": "MyStack",
                            "stage.2.action.0.configuration.TemplatePath": "build_output::sam-templated.yaml",
                            "stage.2.action.0.input_artifacts.#": "1",
                            "stage.2.action.0.input_artifacts.0": "build_output",
                            "stage.2.action.0.name": "Deploy",
                            "stage.2.action.0.output_artifacts.#": "0",
                            "stage.2.action.0.owner": "AWS",
                            "stage.2.action.0.provider": "CloudFormation",
                            "stage.2.action.0.role_arn": "",
                            "stage.2.action.0.run_order": "1",
                            "stage.2.action.0.version": "1",
                            "stage.2.name": "Deploy"
                        },
                        "meta": {},
                        "tainted": false
                    },
                    "deposed": [],
                    "provider": "provider.aws"
                },
                "aws_iam_policy.lambda_logging": {
                    "type": "aws_iam_policy",
                    "depends_on": [],
                    "primary": {
                        "id": "arn:aws:iam::591328757508:policy/lambda_logging",
                        "attributes": {
                            "arn": "arn:aws:iam::591328757508:policy/lambda_logging",
                            "description": "IAM policy for logging from a lambda",
                            "id": "arn:aws:iam::591328757508:policy/lambda_logging",
                            "name": "lambda_logging",
                            "path": "/",
                            "policy": "{\n  \"Version\": \"2012-10-17\",\n  \"Statement\": [\n    {\n      \"Action\": [\n        \"logs:CreateLogStream\",\n        \"logs:PutLogEvents\"\n      ],\n      \"Resource\": \"arn:aws:logs:*:*:*\",\n      \"Effect\": \"Allow\"\n    }\n  ]\n}\n"
                        },
                        "meta": {},
                        "tainted": false
                    },
                    "deposed": [],
                    "provider": "provider.aws"
                },
                "aws_iam_role.codepipeline_role": {
                    "type": "aws_iam_role",
                    "depends_on": [],
                    "primary": {
                        "id": "codepipeline-role",
                        "attributes": {
                            "arn": "arn:aws:iam::591328757508:role/codepipeline-role",
                            "assume_role_policy": "{\"Version\":\"2012-10-17\",\"Statement\":[{\"Effect\":\"Allow\",\"Principal\":{\"Service\":\"codepipeline.amazonaws.com\"},\"Action\":\"sts:AssumeRole\"}]}",
                            "create_date": "2019-04-25T14:51:33Z",
                            "description": "",
                            "force_detach_policies": "false",
                            "id": "codepipeline-role",
                            "max_session_duration": "3600",
                            "name": "codepipeline-role",
                            "path": "/",
                            "tags.%": "0",
                            "unique_id": "AROAYTLPQY4CIJDKNUGZI"
                        },
                        "meta": {},
                        "tainted": false
                    },
                    "deposed": [],
                    "provider": "provider.aws"
                },
                "aws_iam_role.iam_for_lambda": {
                    "type": "aws_iam_role",
                    "depends_on": [],
                    "primary": {
                        "id": "iam_for_lambda",
                        "attributes": {
                            "arn": "arn:aws:iam::591328757508:role/iam_for_lambda",
                            "assume_role_policy": "{\"Version\":\"2012-10-17\",\"Statement\":[{\"Sid\":\"\",\"Effect\":\"Allow\",\"Principal\":{\"Service\":\"lambda.amazonaws.com\"},\"Action\":\"sts:AssumeRole\"}]}",
                            "create_date": "2019-04-25T14:51:33Z",
                            "description": "",
                            "force_detach_policies": "false",
                            "id": "iam_for_lambda",
                            "max_session_duration": "3600",
                            "name": "iam_for_lambda",
                            "path": "/",
                            "tags.%": "0",
                            "unique_id": "AROAYTLPQY4CBKVFLGAL4"
                        },
                        "meta": {},
                        "tainted": false
                    },
                    "deposed": [],
                    "provider": "provider.aws"
                },
                "aws_iam_role_policy.codepipeline_policy": {
                    "type": "aws_iam_role_policy",
                    "depends_on": [
                        "aws_iam_role.codepipeline_role",
                        "aws_s3_bucket.codepipeline_bucket"
                    ],
                    "primary": {
                        "id": "codepipeline-role:codepipeline_policy",
                        "attributes": {
                            "id": "codepipeline-role:codepipeline_policy",
                            "name": "codepipeline_policy",
                            "policy": "{\n  \"Version\": \"2012-10-17\",\n  \"Statement\": [\n    {\n      \"Effect\":\"Allow\",\n      \"Action\": [\n        \"s3:GetObject\",\n        \"s3:GetObjectVersion\",\n        \"s3:GetBucketVersioning\"\n      ],\n      \"Resource\": [\n        \"arn:aws:s3:::todds-lambda-test-codepipeline\",\n        \"arn:aws:s3:::todds-lambda-test-codepipeline/*\"\n      ]\n    },\n    {\n      \"Effect\": \"Allow\",\n      \"Action\": [\n        \"codebuild:BatchGetBuilds\",\n        \"codebuild:StartBuild\"\n      ],\n      \"Resource\": \"*\"\n    }\n  ]\n}\n",
                            "role": "codepipeline-role"
                        },
                        "meta": {},
                        "tainted": false
                    },
                    "deposed": [],
                    "provider": "provider.aws"
                },
                "aws_iam_role_policy_attachment.lambda_logs": {
                    "type": "aws_iam_role_policy_attachment",
                    "depends_on": [
                        "aws_iam_policy.lambda_logging",
                        "aws_iam_role.iam_for_lambda"
                    ],
                    "primary": {
                        "id": "iam_for_lambda-20190425145135563500000001",
                        "attributes": {
                            "id": "iam_for_lambda-20190425145135563500000001",
                            "policy_arn": "arn:aws:iam::591328757508:policy/lambda_logging",
                            "role": "iam_for_lambda"
                        },
                        "meta": {},
                        "tainted": false
                    },
                    "deposed": [],
                    "provider": "provider.aws"
                },
                "aws_key_pair.terraform": {
                    "type": "aws_key_pair",
                    "depends_on": [],
                    "primary": {
                        "id": "terraform",
                        "attributes": {
                            "fingerprint": "eb:e0:79:27:f0:b6:62:5e:10:40:eb:1c:03:9d:53:59",
                            "id": "terraform",
                            "key_name": "terraform",
                            "public_key": "ssh-rsa AAAAB3NzaC1yc2EAAAADAQABAAABAQDrCCI+BOK0B15lK7Y7fWbDqYl8URSRAhSR+xuLLKWpugsUqh0nhhkIVZZY7R2E6pmyCl7CNNJOs/nub5q3zfdKzdo+O26jHHv5O6S1G+ehK9EXVeiRPEheHP8w5DNScKhBXAt7uMDqF+ZHeMfH3ziGPEdGuyV0EtPXC5C05/p8ZT0GFiiCeC6lhnof1Vt/RN3jQY8Moo1N7ehn8EpUcMCXulgb4q9kE02Vncfxp1fpDUR2PEi+xUwTpMZLMY7hHVisc9zI4xZRsSyQwMFzCsNKObvAWXLgUBAzw7spVJWmWxWz9cxtpEv9x7lPkCT7Uc7It75yXcfk6IZB9zGidtSH toddnestor@Todds-MacBook-Pro-2.local"
                        },
                        "meta": {
                            "schema_version": "1"
                        },
                        "tainted": false
                    },
                    "deposed": [],
                    "provider": "provider.aws"
                },
                "aws_kms_alias.s3kmskey": {
                    "type": "aws_kms_alias",
                    "depends_on": [
                        "aws_kms_key.special"
                    ],
                    "primary": {
                        "id": "alias/my-kms-key",
                        "attributes": {
                            "arn": "arn:aws:kms:us-east-2:591328757508:alias/my-kms-key",
                            "id": "alias/my-kms-key",
                            "name": "alias/my-kms-key",
                            "target_key_arn": "arn:aws:kms:us-east-2:591328757508:key/bad576ca-66b6-4319-908a-1d3ff5fb01a5",
                            "target_key_id": "bad576ca-66b6-4319-908a-1d3ff5fb01a5"
                        },
                        "meta": {},
                        "tainted": false
                    },
                    "deposed": [],
                    "provider": "provider.aws"
                },
                "aws_kms_key.special": {
                    "type": "aws_kms_key",
                    "depends_on": [],
                    "primary": {
                        "id": "bad576ca-66b6-4319-908a-1d3ff5fb01a5",
                        "attributes": {
                            "arn": "arn:aws:kms:us-east-2:591328757508:key/bad576ca-66b6-4319-908a-1d3ff5fb01a5",
                            "description": "",
                            "enable_key_rotation": "false",
                            "id": "bad576ca-66b6-4319-908a-1d3ff5fb01a5",
                            "is_enabled": "true",
                            "key_id": "bad576ca-66b6-4319-908a-1d3ff5fb01a5",
                            "key_usage": "ENCRYPT_DECRYPT",
                            "policy": "{\"Id\":\"key-default-1\",\"Statement\":[{\"Action\":\"kms:*\",\"Effect\":\"Allow\",\"Principal\":{\"AWS\":\"arn:aws:iam::591328757508:root\"},\"Resource\":\"*\",\"Sid\":\"Enable IAM User Permissions\"}],\"Version\":\"2012-10-17\"}",
                            "tags.%": "0"
                        },
                        "meta": {},
                        "tainted": false
                    },
                    "deposed": [],
                    "provider": "provider.aws"
                },
                "aws_s3_bucket.codepipeline_bucket": {
                    "type": "aws_s3_bucket",
                    "depends_on": [],
                    "primary": {
                        "id": "todds-lambda-test-codepipeline",
                        "attributes": {
                            "acceleration_status": "",
                            "acl": "private",
                            "arn": "arn:aws:s3:::todds-lambda-test-codepipeline",
                            "bucket": "todds-lambda-test-codepipeline",
                            "bucket_domain_name": "todds-lambda-test-codepipeline.s3.amazonaws.com",
                            "bucket_regional_domain_name": "todds-lambda-test-codepipeline.s3.us-east-2.amazonaws.com",
                            "cors_rule.#": "0",
                            "force_destroy": "false",
                            "hosted_zone_id": "Z2O1EMRO9K5GLX",
                            "id": "todds-lambda-test-codepipeline",
                            "lifecycle_rule.#": "0",
                            "logging.#": "0",
                            "object_lock_configuration.#": "0",
                            "region": "us-east-2",
                            "replication_configuration.#": "0",
                            "request_payer": "BucketOwner",
                            "server_side_encryption_configuration.#": "0",
                            "tags.%": "0",
                            "versioning.#": "1",
                            "versioning.0.enabled": "false",
                            "versioning.0.mfa_delete": "false",
                            "website.#": "0"
                        },
                        "meta": {},
                        "tainted": false
                    },
                    "deposed": [],
                    "provider": "provider.aws"
                }
            },
            "depends_on": []
        }
    ]
}
